
Microsoft Visual Studio Solution File, Format Version 12.00
# Visual Studio Version 17
VisualStudioVersion = 17.0.31903.59
MinimumVisualStudioVersion = 10.0.40219.1
Project("{2150E333-8FDC-42A3-9474-1A3956D46DE8}") = "src", "src", "{0FB22BB5-3843-4253-BF11-BF16576ACE96}"
EndProject
Project("{FAE04EC0-301F-11D3-BF4B-00C04F79EFBC}") = "VGLogger.API", "src\VGLogger.API\VGLogger.API.csproj", "{BB8A547C-487C-45E0-B65F-69911CB9D575}"
EndProject
Project("{FAE04EC0-301F-11D3-BF4B-00C04F79EFBC}") = "VGLogger.Service", "src\VGLogger.Service\VGLogger.Service.csproj", "{6CDD9DC3-AC9A-4ED6-AEE7-5A972F8BB559}"
EndProject
Project("{FAE04EC0-301F-11D3-BF4B-00C04F79EFBC}") = "VGLogger.DAL", "src\VGLogger.DAL\VGLogger.DAL.csproj", "{42DC491B-FBBB-45E3-B42A-5C25AFD3F0CD}"
EndProject
Global
	GlobalSection(SolutionConfigurationPlatforms) = preSolution
		Debug|Any CPU = Debug|Any CPU
		Release|Any CPU = Release|Any CPU
	EndGlobalSection
	GlobalSection(SolutionProperties) = preSolution
		HideSolutionNode = FALSE
	EndGlobalSection
	GlobalSection(ProjectConfigurationPlatforms) = postSolution
		{BB8A547C-487C-45E0-B65F-69911CB9D575}.Debug|Any CPU.ActiveCfg = Debug|Any CPU
		{BB8A547C-487C-45E0-B65F-69911CB9D575}.Debug|Any CPU.Build.0 = Debug|Any CPU
		{BB8A547C-487C-45E0-B65F-69911CB9D575}.Release|Any CPU.ActiveCfg = Release|Any CPU
		{BB8A547C-487C-45E0-B65F-69911CB9D575}.Release|Any CPU.Build.0 = Release|Any CPU
		{6CDD9DC3-AC9A-4ED6-AEE7-5A972F8BB559}.Debug|Any CPU.ActiveCfg = Debug|Any CPU
		{6CDD9DC3-AC9A-4ED6-AEE7-5A972F8BB559}.Debug|Any CPU.Build.0 = Debug|Any CPU
		{6CDD9DC3-AC9A-4ED6-AEE7-5A972F8BB559}.Release|Any CPU.ActiveCfg = Release|Any CPU
		{6CDD9DC3-AC9A-4ED6-AEE7-5A972F8BB559}.Release|Any CPU.Build.0 = Release|Any CPU
		{42DC491B-FBBB-45E3-B42A-5C25AFD3F0CD}.Debug|Any CPU.ActiveCfg = Debug|Any CPU
		{42DC491B-FBBB-45E3-B42A-5C25AFD3F0CD}.Debug|Any CPU.Build.0 = Debug|Any CPU
		{42DC491B-FBBB-45E3-B42A-5C25AFD3F0CD}.Release|Any CPU.ActiveCfg = Release|Any CPU
		{42DC491B-FBBB-45E3-B42A-5C25AFD3F0CD}.Release|Any CPU.Build.0 = Release|Any CPU
	EndGlobalSection
	GlobalSection(NestedProjects) = preSolution
		{BB8A547C-487C-45E0-B65F-69911CB9D575} = {0FB22BB5-3843-4253-BF11-BF16576ACE96}
		{6CDD9DC3-AC9A-4ED6-AEE7-5A972F8BB559} = {0FB22BB5-3843-4253-BF11-BF16576ACE96}
		{42DC491B-FBBB-45E3-B42A-5C25AFD3F0CD} = {0FB22BB5-3843-4253-BF11-BF16576ACE96}
	EndGlobalSection
EndGlobal
